
Microsoft Visual Studio Solution File, Format Version 12.00
# Visual Studio 15
VisualStudioVersion = 15.0.28307.539
MinimumVisualStudioVersion = 10.0.40219.1
Project("{FAE04EC0-301F-11D3-BF4B-00C04F79EFBC}") = "Kod2", "Kod2\Kod2.csproj", "{00CBB69B-5239-4EAA-A88B-C4C3E0A5D384}"
EndProject
Global
	GlobalSection(SolutionConfigurationPlatforms) = preSolution
		Debug|Any CPU = Debug|Any CPU
		Release|Any CPU = Release|Any CPU
	EndGlobalSection
	GlobalSection(ProjectConfigurationPlatforms) = postSolution
		{00CBB69B-5239-4EAA-A88B-C4C3E0A5D384}.Debug|Any CPU.ActiveCfg = Debug|Any CPU
		{00CBB69B-5239-4EAA-A88B-C4C3E0A5D384}.Debug|Any CPU.Build.0 = Debug|Any CPU
		{00CBB69B-5239-4EAA-A88B-C4C3E0A5D384}.Release|Any CPU.ActiveCfg = Release|Any CPU
		{00CBB69B-5239-4EAA-A88B-C4C3E0A5D384}.Release|Any CPU.Build.0 = Release|Any CPU
	EndGlobalSection
	GlobalSection(SolutionProperties) = preSolution
		HideSolutionNode = FALSE
	EndGlobalSection
	GlobalSection(ExtensibilityGlobals) = postSolution
		SolutionGuid = {39F6852E-8AD0-41B8-965E-7F4FF6D3A2E4}
	EndGlobalSection
EndGlobal
